// !$*UTF8*$!
{
	archiveVersion = 1;
	classes = {
	};
	objectVersion = 77;
	objects = {

/* Begin PBXContainerItemProxy section */
		F4F76EEC2D60E45C002B7314 /* PBXContainerItemProxy */ = {
			isa = PBXContainerItemProxy;
			containerPortal = F4F76ED12D60E459002B7314 /* Project object */;
			proxyType = 1;
			remoteGlobalIDString = F4F76ED82D60E45A002B7314;
			remoteInfo = VehicleManage;
		};
		F4F76EF62D60E45C002B7314 /* PBXContainerItemProxy */ = {
			isa = PBXContainerItemProxy;
			containerPortal = F4F76ED12D60E459002B7314 /* Project object */;
			proxyType = 1;
			remoteGlobalIDString = F4F76ED82D60E45A002B7314;
			remoteInfo = VehicleManage;
		};
/* End PBXContainerItemProxy section */

/* Begin PBXFileReference section */
		F4F76ED92D60E45A002B7314 /* VehicleManage.app */ = {isa = PBXFileReference; explicitFileType = wrapper.application; includeInIndex = 0; path = VehicleManage.app; sourceTree = BUILT_PRODUCTS_DIR; };
		F4F76EEB2D60E45C002B7314 /* VehicleManageTests.xctest */ = {isa = PBXFileReference; explicitFileType = wrapper.cfbundle; includeInIndex = 0; path = VehicleManageTests.xctest; sourceTree = BUILT_PRODUCTS_DIR; };
		F4F76EF52D60E45C002B7314 /* VehicleManageUITests.xctest */ = {isa = PBXFileReference; explicitFileType = wrapper.cfbundle; includeInIndex = 0; path = VehicleManageUITests.xctest; sourceTree = BUILT_PRODUCTS_DIR; };
/* End PBXFileReference section */

/* Begin PBXFileSystemSynchronizedRootGroup section */
		F4F76EDB2D60E45A002B7314 /* VehicleManage */ = {
			isa = PBXFileSystemSynchronizedRootGroup;
			path = VehicleManage;
			sourceTree = "<group>";
		};
		F4F76EEE2D60E45C002B7314 /* VehicleManageTests */ = {
			isa = PBXFileSystemSynchronizedRootGroup;
			path = VehicleManageTests;
			sourceTree = "<group>";
		};
		F4F76EF82D60E45C002B7314 /* VehicleManageUITests */ = {
			isa = PBXFileSystemSynchronizedRootGroup;
			path = VehicleManageUITests;
			sourceTree = "<group>";
		};
/* End PBXFileSystemSynchronizedRootGroup section */

/* Begin PBXFrameworksBuildPhase section */
		F4F76ED62D60E45A002B7314 /* Frameworks */ = {
			isa = PBXFrameworksBuildPhase;
			buildActionMask = 2147483647;
			files = (
			);
			runOnlyForDeploymentPostprocessing = 0;
		};
		F4F76EE82D60E45C002B7314 /* Frameworks */ = {
			isa = PBXFrameworksBuildPhase;
			buildActionMask = 2147483647;
			files = (
			);
			runOnlyForDeploymentPostprocessing = 0;
		};
		F4F76EF22D60E45C002B7314 /* Frameworks */ = {
			isa = PBXFrameworksBuildPhase;
			buildActionMask = 2147483647;
			files = (
			);
			runOnlyForDeploymentPostprocessing = 0;
		};
/* End PBXFrameworksBuildPhase section */

/* Begin PBXGroup section */
		F4F76ED02D60E459002B7314 = {
			isa = PBXGroup;
			children = (
				F4F76EDB2D60E45A002B7314 /* VehicleManage */,
				F4F76EEE2D60E45C002B7314 /* VehicleManageTests */,
				F4F76EF82D60E45C002B7314 /* VehicleManageUITests */,
				F4F76EDA2D60E45A002B7314 /* Products */,
			);
			sourceTree = "<group>";
		};
		F4F76EDA2D60E45A002B7314 /* Products */ = {
			isa = PBXGroup;
			children = (
				F4F76ED92D60E45A002B7314 /* VehicleManage.app */,
				F4F76EEB2D60E45C002B7314 /* VehicleManageTests.xctest */,
				F4F76EF52D60E45C002B7314 /* VehicleManageUITests.xctest */,
			);
			name = Products;
			sourceTree = "<group>";
		};
/* End PBXGroup section */

/* Begin PBXNativeTarget section */
		F4F76ED82D60E45A002B7314 /* VehicleManage */ = {
			isa = PBXNativeTarget;
			buildConfigurationList = F4F76EFF2D60E45C002B7314 /* Build configuration list for PBXNativeTarget "VehicleManage" */;
			buildPhases = (
				F4F76ED52D60E45A002B7314 /* Sources */,
				F4F76ED62D60E45A002B7314 /* Frameworks */,
				F4F76ED72D60E45A002B7314 /* Resources */,
			);
			buildRules = (
			);
			dependencies = (
			);
			fileSystemSynchronizedGroups = (
				F4F76EDB2D60E45A002B7314 /* VehicleManage */,
			);
			name = VehicleManage;
			packageProductDependencies = (
			);
			productName = VehicleManage;
			productReference = F4F76ED92D60E45A002B7314 /* VehicleManage.app */;
			productType = "com.apple.product-type.application";
		};
		F4F76EEA2D60E45C002B7314 /* VehicleManageTests */ = {
			isa = PBXNativeTarget;
			buildConfigurationList = F4F76F022D60E45C002B7314 /* Build configuration list for PBXNativeTarget "VehicleManageTests" */;
			buildPhases = (
				F4F76EE72D60E45C002B7314 /* Sources */,
				F4F76EE82D60E45C002B7314 /* Frameworks */,
				F4F76EE92D60E45C002B7314 /* Resources */,
			);
			buildRules = (
			);
			dependencies = (
				F4F76EED2D60E45C002B7314 /* PBXTargetDependency */,
			);
			fileSystemSynchronizedGroups = (
				F4F76EEE2D60E45C002B7314 /* VehicleManageTests */,
			);
			name = VehicleManageTests;
			packageProductDependencies = (
			);
			productName = VehicleManageTests;
			productReference = F4F76EEB2D60E45C002B7314 /* VehicleManageTests.xctest */;
			productType = "com.apple.product-type.bundle.unit-test";
		};
		F4F76EF42D60E45C002B7314 /* VehicleManageUITests */ = {
			isa = PBXNativeTarget;
			buildConfigurationList = F4F76F052D60E45C002B7314 /* Build configuration list for PBXNativeTarget "VehicleManageUITests" */;
			buildPhases = (
				F4F76EF12D60E45C002B7314 /* Sources */,
				F4F76EF22D60E45C002B7314 /* Frameworks */,
				F4F76EF32D60E45C002B7314 /* Resources */,
			);
			buildRules = (
			);
			dependencies = (
				F4F76EF72D60E45C002B7314 /* PBXTargetDependency */,
			);
			fileSystemSynchronizedGroups = (
				F4F76EF82D60E45C002B7314 /* VehicleManageUITests */,
			);
			name = VehicleManageUITests;
			packageProductDependencies = (
			);
			productName = VehicleManageUITests;
			productReference = F4F76EF52D60E45C002B7314 /* VehicleManageUITests.xctest */;
			productType = "com.apple.product-type.bundle.ui-testing";
		};
/* End PBXNativeTarget section */

/* Begin PBXProject section */
		F4F76ED12D60E459002B7314 /* Project object */ = {
			isa = PBXProject;
			attributes = {
				BuildIndependentTargetsInParallel = 1;
				LastSwiftUpdateCheck = 1620;
				LastUpgradeCheck = 1620;
				TargetAttributes = {
					F4F76ED82D60E45A002B7314 = {
						CreatedOnToolsVersion = 16.2;
					};
					F4F76EEA2D60E45C002B7314 = {
						CreatedOnToolsVersion = 16.2;
						TestTargetID = F4F76ED82D60E45A002B7314;
					};
					F4F76EF42D60E45C002B7314 = {
						CreatedOnToolsVersion = 16.2;
						TestTargetID = F4F76ED82D60E45A002B7314;
					};
				};
			};
			buildConfigurationList = F4F76ED42D60E459002B7314 /* Build configuration list for PBXProject "VehicleManage" */;
			developmentRegion = en;
			hasScannedForEncodings = 0;
			knownRegions = (
				en,
				Base,
			);
			mainGroup = F4F76ED02D60E459002B7314;
			minimizedProjectReferenceProxies = 1;
			preferredProjectObjectVersion = 77;
			productRefGroup = F4F76EDA2D60E45A002B7314 /* Products */;
			projectDirPath = "";
			projectRoot = "";
			targets = (
				F4F76ED82D60E45A002B7314 /* VehicleManage */,
				F4F76EEA2D60E45C002B7314 /* VehicleManageTests */,
				F4F76EF42D60E45C002B7314 /* VehicleManageUITests */,
			);
		};
/* End PBXProject section */

/* Begin PBXResourcesBuildPhase section */
		F4F76ED72D60E45A002B7314 /* Resources */ = {
			isa = PBXResourcesBuildPhase;
			buildActionMask = 2147483647;
			files = (
			);
			runOnlyForDeploymentPostprocessing = 0;
		};
		F4F76EE92D60E45C002B7314 /* Resources */ = {
			isa = PBXResourcesBuildPhase;
			buildActionMask = 2147483647;
			files = (
			);
			runOnlyForDeploymentPostprocessing = 0;
		};
		F4F76EF32D60E45C002B7314 /* Resources */ = {
			isa = PBXResourcesBuildPhase;
			buildActionMask = 2147483647;
			files = (
			);
			runOnlyForDeploymentPostprocessing = 0;
		};
/* End PBXResourcesBuildPhase section */

/* Begin PBXSourcesBuildPhase section */
		F4F76ED52D60E45A002B7314 /* Sources */ = {
			isa = PBXSourcesBuildPhase;
			buildActionMask = 2147483647;
			files = (
			);
			runOnlyForDeploymentPostprocessing = 0;
		};
		F4F76EE72D60E45C002B7314 /* Sources */ = {
			isa = PBXSourcesBuildPhase;
			buildActionMask = 2147483647;
			files = (
			);
			runOnlyForDeploymentPostprocessing = 0;
		};
		F4F76EF12D60E45C002B7314 /* Sources */ = {
			isa = PBXSourcesBuildPhase;
			buildActionMask = 2147483647;
			files = (
			);
			runOnlyForDeploymentPostprocessing = 0;
		};
/* End PBXSourcesBuildPhase section */

/* Begin PBXTargetDependency section */
		F4F76EED2D60E45C002B7314 /* PBXTargetDependency */ = {
			isa = PBXTargetDependency;
			target = F4F76ED82D60E45A002B7314 /* VehicleManage */;
			targetProxy = F4F76EEC2D60E45C002B7314 /* PBXContainerItemProxy */;
		};
		F4F76EF72D60E45C002B7314 /* PBXTargetDependency */ = {
			isa = PBXTargetDependency;
			target = F4F76ED82D60E45A002B7314 /* VehicleManage */;
			targetProxy = F4F76EF62D60E45C002B7314 /* PBXContainerItemProxy */;
		};
/* End PBXTargetDependency section */

/* Begin XCBuildConfiguration section */
		F4F76EFD2D60E45C002B7314 /* Debug */ = {
			isa = XCBuildConfiguration;
			buildSettings = {
				ALWAYS_SEARCH_USER_PATHS = NO;
				ASSETCATALOG_COMPILER_GENERATE_SWIFT_ASSET_SYMBOL_EXTENSIONS = YES;
				CLANG_ANALYZER_NONNULL = YES;
				CLANG_ANALYZER_NUMBER_OBJECT_CONVERSION = YES_AGGRESSIVE;
				CLANG_CXX_LANGUAGE_STANDARD = "gnu++20";
				CLANG_ENABLE_MODULES = YES;
				CLANG_ENABLE_OBJC_ARC = YES;
				CLANG_ENABLE_OBJC_WEAK = YES;
				CLANG_WARN_BLOCK_CAPTURE_AUTORELEASING = YES;
				CLANG_WARN_BOOL_CONVERSION = YES;
				CLANG_WARN_COMMA = YES;
				CLANG_WARN_CONSTANT_CONVERSION = YES;
				CLANG_WARN_DEPRECATED_OBJC_IMPLEMENTATIONS = YES;
				CLANG_WARN_DIRECT_OBJC_ISA_USAGE = YES_ERROR;
				CLANG_WARN_DOCUMENTATION_COMMENTS = YES;
				CLANG_WARN_EMPTY_BODY = YES;
				CLANG_WARN_ENUM_CONVERSION = YES;
				CLANG_WARN_INFINITE_RECURSION = YES;
				CLANG_WARN_INT_CONVERSION = YES;
				CLANG_WARN_NON_LITERAL_NULL_CONVERSION = YES;
				CLANG_WARN_OBJC_IMPLICIT_RETAIN_SELF = YES;
				CLANG_WARN_OBJC_LITERAL_CONVERSION = YES;
				CLANG_WARN_OBJC_ROOT_CLASS = YES_ERROR;
				CLANG_WARN_QUOTED_INCLUDE_IN_FRAMEWORK_HEADER = YES;
				CLANG_WARN_RANGE_LOOP_ANALYSIS = YES;
				CLANG_WARN_STRICT_PROTOTYPES = YES;
				CLANG_WARN_SUSPICIOUS_MOVE = YES;
				CLANG_WARN_UNGUARDED_AVAILABILITY = YES_AGGRESSIVE;
				CLANG_WARN_UNREACHABLE_CODE = YES;
				CLANG_WARN__DUPLICATE_METHOD_MATCH = YES;
				COPY_PHASE_STRIP = NO;
				DEBUG_INFORMATION_FORMAT = dwarf;
				ENABLE_STRICT_OBJC_MSGSEND = YES;
				ENABLE_TESTABILITY = YES;
				ENABLE_USER_SCRIPT_SANDBOXING = YES;
				GCC_C_LANGUAGE_STANDARD = gnu17;
				GCC_DYNAMIC_NO_PIC = NO;
				GCC_NO_COMMON_BLOCKS = YES;
				GCC_OPTIMIZATION_LEVEL = 0;
				GCC_PREPROCESSOR_DEFINITIONS = (
					"DEBUG=1",
					"$(inherited)",
				);
				GCC_WARN_64_TO_32_BIT_CONVERSION = YES;
				GCC_WARN_ABOUT_RETURN_TYPE = YES_ERROR;
				GCC_WARN_UNDECLARED_SELECTOR = YES;
				GCC_WARN_UNINITIALIZED_AUTOS = YES_AGGRESSIVE;
				GCC_WARN_UNUSED_FUNCTION = YES;
				GCC_WARN_UNUSED_VARIABLE = YES;
				IPHONEOS_DEPLOYMENT_TARGET = 18.2;
				LOCALIZATION_PREFERS_STRING_CATALOGS = YES;
				MTL_ENABLE_DEBUG_INFO = INCLUDE_SOURCE;
				MTL_FAST_MATH = YES;
				ONLY_ACTIVE_ARCH = YES;
				SDKROOT = iphoneos;
				SWIFT_ACTIVE_COMPILATION_CONDITIONS = "DEBUG $(inherited)";
				SWIFT_OPTIMIZATION_LEVEL = "-Onone";
			};
			name = Debug;
		};
		F4F76EFE2D60E45C002B7314 /* Release */ = {
			isa = XCBuildConfiguration;
			buildSettings = {
				ALWAYS_SEARCH_USER_PATHS = NO;
				ASSETCATALOG_COMPILER_GENERATE_SWIFT_ASSET_SYMBOL_EXTENSIONS = YES;
				CLANG_ANALYZER_NONNULL = YES;
				CLANG_ANALYZER_NUMBER_OBJECT_CONVERSION = YES_AGGRESSIVE;
				CLANG_CXX_LANGUAGE_STANDARD = "gnu++20";
				CLANG_ENABLE_MODULES = YES;
				CLANG_ENABLE_OBJC_ARC = YES;
				CLANG_ENABLE_OBJC_WEAK = YES;
				CLANG_WARN_BLOCK_CAPTURE_AUTORELEASING = YES;
				CLANG_WARN_BOOL_CONVERSION = YES;
				CLANG_WARN_COMMA = YES;
				CLANG_WARN_CONSTANT_CONVERSION = YES;
				CLANG_WARN_DEPRECATED_OBJC_IMPLEMENTATIONS = YES;
				CLANG_WARN_DIRECT_OBJC_ISA_USAGE = YES_ERROR;
				CLANG_WARN_DOCUMENTATION_COMMENTS = YES;
				CLANG_WARN_EMPTY_BODY = YES;
				CLANG_WARN_ENUM_CONVERSION = YES;
				CLANG_WARN_INFINITE_RECURSION = YES;
				CLANG_WARN_INT_CONVERSION = YES;
				CLANG_WARN_NON_LITERAL_NULL_CONVERSION = YES;
				CLANG_WARN_OBJC_IMPLICIT_RETAIN_SELF = YES;
				CLANG_WARN_OBJC_LITERAL_CONVERSION = YES;
				CLANG_WARN_OBJC_ROOT_CLASS = YES_ERROR;
				CLANG_WARN_QUOTED_INCLUDE_IN_FRAMEWORK_HEADER = YES;
				CLANG_WARN_RANGE_LOOP_ANALYSIS = YES;
				CLANG_WARN_STRICT_PROTOTYPES = YES;
				CLANG_WARN_SUSPICIOUS_MOVE = YES;
				CLANG_WARN_UNGUARDED_AVAILABILITY = YES_AGGRESSIVE;
				CLANG_WARN_UNREACHABLE_CODE = YES;
				CLANG_WARN__DUPLICATE_METHOD_MATCH = YES;
				COPY_PHASE_STRIP = NO;
				DEBUG_INFORMATION_FORMAT = "dwarf-with-dsym";
				ENABLE_NS_ASSERTIONS = NO;
				ENABLE_STRICT_OBJC_MSGSEND = YES;
				ENABLE_USER_SCRIPT_SANDBOXING = YES;
				GCC_C_LANGUAGE_STANDARD = gnu17;
				GCC_NO_COMMON_BLOCKS = YES;
				GCC_WARN_64_TO_32_BIT_CONVERSION = YES;
				GCC_WARN_ABOUT_RETURN_TYPE = YES_ERROR;
				GCC_WARN_UNDECLARED_SELECTOR = YES;
				GCC_WARN_UNINITIALIZED_AUTOS = YES_AGGRESSIVE;
				GCC_WARN_UNUSED_FUNCTION = YES;
				GCC_WARN_UNUSED_VARIABLE = YES;
				IPHONEOS_DEPLOYMENT_TARGET = 18.2;
				LOCALIZATION_PREFERS_STRING_CATALOGS = YES;
				MTL_ENABLE_DEBUG_INFO = NO;
				MTL_FAST_MATH = YES;
				SDKROOT = iphoneos;
				SWIFT_COMPILATION_MODE = wholemodule;
				VALIDATE_PRODUCT = YES;
			};
			name = Release;
		};
		F4F76F002D60E45C002B7314 /* Debug */ = {
			isa = XCBuildConfiguration;
			buildSettings = {
				ASSETCATALOG_COMPILER_APPICON_NAME = AppIcon;
				ASSETCATALOG_COMPILER_GLOBAL_ACCENT_COLOR_NAME = AccentColor;
				CODE_SIGN_STYLE = Automatic;
				CURRENT_PROJECT_VERSION = 1;
				DEVELOPMENT_ASSET_PATHS = "\"VehicleManage/Preview Content\"";
				DEVELOPMENT_TEAM = XC43HRR4X2;
				ENABLE_PREVIEWS = YES;
				GENERATE_INFOPLIST_FILE = YES;
				INFOPLIST_KEY_UIApplicationSceneManifest_Generation = YES;
				INFOPLIST_KEY_UIApplicationSupportsIndirectInputEvents = YES;
				INFOPLIST_KEY_UILaunchScreen_Generation = YES;
				INFOPLIST_KEY_UISupportedInterfaceOrientations_iPad = "UIInterfaceOrientationPortrait UIInterfaceOrientationPortraitUpsideDown UIInterfaceOrientationLandscapeLeft UIInterfaceOrientationLandscapeRight";
				INFOPLIST_KEY_UISupportedInterfaceOrientations_iPhone = "UIInterfaceOrientationPortrait UIInterfaceOrientationLandscapeLeft UIInterfaceOrientationLandscapeRight";
				LD_RUNPATH_SEARCH_PATHS = (
					"$(inherited)",
					"@executable_path/Frameworks",
				);
				MARKETING_VERSION = 1.0;
				PRODUCT_BUNDLE_IDENTIFIER = ShaunChuang.VehicleManage;
				PRODUCT_NAME = "$(TARGET_NAME)";
				SWIFT_EMIT_LOC_STRINGS = YES;
				SWIFT_VERSION = 5.0;
				TARGETED_DEVICE_FAMILY = "1,2";
			};
			name = Debug;
		};
		F4F76F012D60E45C002B7314 /* Release */ = {
			isa = XCBuildConfiguration;
			buildSettings = {
				ASSETCATALOG_COMPILER_APPICON_NAME = AppIcon;
				ASSETCATALOG_COMPILER_GLOBAL_ACCENT_COLOR_NAME = AccentColor;
				CODE_SIGN_STYLE = Automatic;
				CURRENT_PROJECT_VERSION = 1;
				DEVELOPMENT_ASSET_PATHS = "\"VehicleManage/Preview Content\"";
				DEVELOPMENT_TEAM = XC43HRR4X2;
				ENABLE_PREVIEWS = YES;
				GENERATE_INFOPLIST_FILE = YES;
				INFOPLIST_KEY_UIApplicationSceneManifest_Generation = YES;
				INFOPLIST_KEY_UIApplicationSupportsIndirectInputEvents = YES;
				INFOPLIST_KEY_UILaunchScreen_Generation = YES;
				INFOPLIST_KEY_UISupportedInterfaceOrientations_iPad = "UIInterfaceOrientationPortrait UIInterfaceOrientationPortraitUpsideDown UIInterfaceOrientationLandscapeLeft UIInterfaceOrientationLandscapeRight";
				INFOPLIST_KEY_UISupportedInterfaceOrientations_iPhone = "UIInterfaceOrientationPortrait UIInterfaceOrientationLandscapeLeft UIInterfaceOrientationLandscapeRight";
				LD_RUNPATH_SEARCH_PATHS = (
					"$(inherited)",
					"@executable_path/Frameworks",
				);
				MARKETING_VERSION = 1.0;
				PRODUCT_BUNDLE_IDENTIFIER = ShaunChuang.VehicleManage;
				PRODUCT_NAME = "$(TARGET_NAME)";
				SWIFT_EMIT_LOC_STRINGS = YES;
				SWIFT_VERSION = 5.0;
				TARGETED_DEVICE_FAMILY = "1,2";
			};
			name = Release;
		};
		F4F76F032D60E45C002B7314 /* Debug */ = {
			isa = XCBuildConfiguration;
			buildSettings = {
				BUNDLE_LOADER = "$(TEST_HOST)";
				CODE_SIGN_STYLE = Automatic;
				CURRENT_PROJECT_VERSION = 1;
				DEVELOPMENT_TEAM = XC43HRR4X2;
				GENERATE_INFOPLIST_FILE = YES;
				IPHONEOS_DEPLOYMENT_TARGET = 18.2;
				MARKETING_VERSION = 1.0;
				PRODUCT_BUNDLE_IDENTIFIER = ShaunChuang.VehicleManageTests;
				PRODUCT_NAME = "$(TARGET_NAME)";
				SWIFT_EMIT_LOC_STRINGS = NO;
				SWIFT_VERSION = 5.0;
				TARGETED_DEVICE_FAMILY = "1,2";
				TEST_HOST = "$(BUILT_PRODUCTS_DIR)/VehicleManage.app/$(BUNDLE_EXECUTABLE_FOLDER_PATH)/VehicleManage";
			};
			name = Debug;
		};
		F4F76F042D60E45C002B7314 /* Release */ = {
			isa = XCBuildConfiguration;
			buildSettings = {
				BUNDLE_LOADER = "$(TEST_HOST)";
				CODE_SIGN_STYLE = Automatic;
				CURRENT_PROJECT_VERSION = 1;
				DEVELOPMENT_TEAM = XC43HRR4X2;
				GENERATE_INFOPLIST_FILE = YES;
				IPHONEOS_DEPLOYMENT_TARGET = 18.2;
				MARKETING_VERSION = 1.0;
				PRODUCT_BUNDLE_IDENTIFIER = ShaunChuang.VehicleManageTests;
				PRODUCT_NAME = "$(TARGET_NAME)";
				SWIFT_EMIT_LOC_STRINGS = NO;
				SWIFT_VERSION = 5.0;
				TARGETED_DEVICE_FAMILY = "1,2";
				TEST_HOST = "$(BUILT_PRODUCTS_DIR)/VehicleManage.app/$(BUNDLE_EXECUTABLE_FOLDER_PATH)/VehicleManage";
			};
			name = Release;
		};
		F4F76F062D60E45C002B7314 /* Debug */ = {
			isa = XCBuildConfiguration;
			buildSettings = {
				CODE_SIGN_STYLE = Automatic;
				CURRENT_PROJECT_VERSION = 1;
				DEVELOPMENT_TEAM = XC43HRR4X2;
				GENERATE_INFOPLIST_FILE = YES;
				MARKETING_VERSION = 1.0;
				PRODUCT_BUNDLE_IDENTIFIER = ShaunChuang.VehicleManageUITests;
				PRODUCT_NAME = "$(TARGET_NAME)";
				SWIFT_EMIT_LOC_STRINGS = NO;
				SWIFT_VERSION = 5.0;
				TARGETED_DEVICE_FAMILY = "1,2";
				TEST_TARGET_NAME = VehicleManage;
			};
			name = Debug;
		};
		F4F76F072D60E45C002B7314 /* Release */ = {
			isa = XCBuildConfiguration;
			buildSettings = {
				CODE_SIGN_STYLE = Automatic;
				CURRENT_PROJECT_VERSION = 1;
				DEVELOPMENT_TEAM = XC43HRR4X2;
				GENERATE_INFOPLIST_FILE = YES;
				MARKETING_VERSION = 1.0;
				PRODUCT_BUNDLE_IDENTIFIER = ShaunChuang.VehicleManageUITests;
				PRODUCT_NAME = "$(TARGET_NAME)";
				SWIFT_EMIT_LOC_STRINGS = NO;
				SWIFT_VERSION = 5.0;
				TARGETED_DEVICE_FAMILY = "1,2";
				TEST_TARGET_NAME = VehicleManage;
			};
			name = Release;
		};
/* End XCBuildConfiguration section */

/* Begin XCConfigurationList section */
		F4F76ED42D60E459002B7314 /* Build configuration list for PBXProject "VehicleManage" */ = {
			isa = XCConfigurationList;
			buildConfigurations = (
				F4F76EFD2D60E45C002B7314 /* Debug */,
				F4F76EFE2D60E45C002B7314 /* Release */,
			);
			defaultConfigurationIsVisible = 0;
			defaultConfigurationName = Release;
		};
		F4F76EFF2D60E45C002B7314 /* Build configuration list for PBXNativeTarget "VehicleManage" */ = {
			isa = XCConfigurationList;
			buildConfigurations = (
				F4F76F002D60E45C002B7314 /* Debug */,
				F4F76F012D60E45C002B7314 /* Release */,
			);
			defaultConfigurationIsVisible = 0;
			defaultConfigurationName = Release;
		};
		F4F76F022D60E45C002B7314 /* Build configuration list for PBXNativeTarget "VehicleManageTests" */ = {
			isa = XCConfigurationList;
			buildConfigurations = (
				F4F76F032D60E45C002B7314 /* Debug */,
				F4F76F042D60E45C002B7314 /* Release */,
			);
			defaultConfigurationIsVisible = 0;
			defaultConfigurationName = Release;
		};
		F4F76F052D60E45C002B7314 /* Build configuration list for PBXNativeTarget "VehicleManageUITests" */ = {
			isa = XCConfigurationList;
			buildConfigurations = (
				F4F76F062D60E45C002B7314 /* Debug */,
				F4F76F072D60E45C002B7314 /* Release */,
			);
			defaultConfigurationIsVisible = 0;
			defaultConfigurationName = Release;
		};
/* End XCConfigurationList section */
	};
	rootObject = F4F76ED12D60E459002B7314 /* Project object */;
}
